{
  "name": "design-preview",
  "lockfileVersion": 3,
  "requires": true,
  "packages": {
    "": {
      "name": "design-preview",
      "dependencies": {
        "minijinja-js": "^2.20.0"
      }
    },
    "node_modules/minijinja-js": {
      "version": "2.20.0",
      "resolved": "https://registry.npmjs.org/minijinja-js/-/minijinja-js-2.20.0.tgz",
      "integrity": "sha512-v9Sdfy+UGoi1mdRQ4BGZBqvlYyZTonnnDqVo3rP4camLDeAfC+2LQt9Jesjp0a74MMy8ErhOdg15h4mhRi33Ig==",
      "license": "Apache-2.0"
    }
  }
}
